
Microsoft Visual Studio Solution File, Format Version 12.00
# Visual Studio Version 17
VisualStudioVersion = 17.1.32328.378
MinimumVisualStudioVersion = 10.0.40219.1
Project("{9A19103F-16F7-4668-BE54-9A1E7A4F7556}") = "PrayerTimes.Web", "PrayerTimes.Web\PrayerTimes.Web.csproj", "{9563AF36-299F-4670-9CC0-F4293804FC63}"
EndProject
Global
	GlobalSection(SolutionConfigurationPlatforms) = preSolution
		Debug|Any CPU = Debug|Any CPU
		Release|Any CPU = Release|Any CPU
	EndGlobalSection
	GlobalSection(ProjectConfigurationPlatforms) = postSolution
		{9563AF36-299F-4670-9CC0-F4293804FC63}.Debug|Any CPU.ActiveCfg = Debug|Any CPU
		{9563AF36-299F-4670-9CC0-F4293804FC63}.Debug|Any CPU.Build.0 = Debug|Any CPU
		{9563AF36-299F-4670-9CC0-F4293804FC63}.Release|Any CPU.ActiveCfg = Release|Any CPU
		{9563AF36-299F-4670-9CC0-F4293804FC63}.Release|Any CPU.Build.0 = Release|Any CPU
	EndGlobalSection
	GlobalSection(SolutionProperties) = preSolution
		HideSolutionNode = FALSE
	EndGlobalSection
	GlobalSection(ExtensibilityGlobals) = postSolution
		SolutionGuid = {7F310A45-8068-4A7A-9416-A6B95E5737FF}
	EndGlobalSection
EndGlobal
